
Microsoft Visual Studio Solution File, Format Version 12.00
# Visual Studio Version 17
VisualStudioVersion = 17.10.35122.118
MinimumVisualStudioVersion = 10.0.40219.1
Project("{9A19103F-16F7-4668-BE54-9A1E7A4F7556}") = "RegistroTecnicos", "RegistroTecnicos\RegistroTecnicos.csproj", "{C2A2175C-11BC-4534-8F0D-5213BF72BFFA}"
EndProject
Global
	GlobalSection(SolutionConfigurationPlatforms) = preSolution
		Debug|Any CPU = Debug|Any CPU
		Release|Any CPU = Release|Any CPU
	EndGlobalSection
	GlobalSection(ProjectConfigurationPlatforms) = postSolution
		{C2A2175C-11BC-4534-8F0D-5213BF72BFFA}.Debug|Any CPU.ActiveCfg = Debug|Any CPU
		{C2A2175C-11BC-4534-8F0D-5213BF72BFFA}.Debug|Any CPU.Build.0 = Debug|Any CPU
		{C2A2175C-11BC-4534-8F0D-5213BF72BFFA}.Release|Any CPU.ActiveCfg = Release|Any CPU
		{C2A2175C-11BC-4534-8F0D-5213BF72BFFA}.Release|Any CPU.Build.0 = Release|Any CPU
	EndGlobalSection
	GlobalSection(SolutionProperties) = preSolution
		HideSolutionNode = FALSE
	EndGlobalSection
	GlobalSection(ExtensibilityGlobals) = postSolution
		SolutionGuid = {225A22D9-AA8F-4BB6-BE74-8DE4A137B184}
	EndGlobalSection
EndGlobal
